
Microsoft Visual Studio Solution File, Format Version 12.00
# Visual Studio 14
VisualStudioVersion = 14.0.25420.1
MinimumVisualStudioVersion = 10.0.40219.1
Project("{8BC9CEB8-8B4A-11D0-8D11-00A0C91BC942}") = "monica-zmq-proxy", "monica-zmq-proxy\monica-zmq-proxy.vcxproj", "{B731CCE5-9E7E-47CD-8CB3-A87C277CE59C}"
EndProject
Project("{8BC9CEB8-8B4A-11D0-8D11-00A0C91BC942}") = "monica-zmq-control", "monica-zmq-control\monica-zmq-control.vcxproj", "{50ACD881-A80A-4F13-9384-E5939F08CA48}"
EndProject
Project("{8BC9CEB8-8B4A-11D0-8D11-00A0C91BC942}") = "libmonica", "monica-lib\monica-lib.vcxproj", "{107EFAC1-8674-48BA-ADA0-4C751160BA96}"
EndProject
Project("{8BC9CEB8-8B4A-11D0-8D11-00A0C91BC942}") = "monica-run", "monica-run\monica-run.vcxproj", "{9489DFA3-63AC-4F92-83AC-CFE6C504987F}"
	ProjectSection(ProjectDependencies) = postProject
		{107EFAC1-8674-48BA-ADA0-4C751160BA96} = {107EFAC1-8674-48BA-ADA0-4C751160BA96}
	EndProjectSection
EndProject
Project("{8BC9CEB8-8B4A-11D0-8D11-00A0C91BC942}") = "monica-zmq-run", "monica-zmq-run\monica-zmq-run.vcxproj", "{20372B82-78E8-430A-B537-FCEE88AC22F0}"
EndProject
Project("{8BC9CEB8-8B4A-11D0-8D11-00A0C91BC942}") = "monica-zmq-control-send", "monica-zmq-control-send\monica-zmq-control-send.vcxproj", "{7974BF43-19F2-4C81-B62B-A74CC21DA5B5}"
EndProject
Project("{8BC9CEB8-8B4A-11D0-8D11-00A0C91BC942}") = "monica-zmq-server", "monica-zmq-server\monica-zmq-server.vcxproj", "{31EEA5F3-50BC-464C-8A7E-8CDF713C9D63}"
	ProjectSection(ProjectDependencies) = postProject
		{107EFAC1-8674-48BA-ADA0-4C751160BA96} = {107EFAC1-8674-48BA-ADA0-4C751160BA96}
	EndProjectSection
EndProject
Project("{8BC9CEB8-8B4A-11D0-8D11-00A0C91BC942}") = "monica-python", "monica-python\monica-python.vcxproj", "{CA009147-DACF-4F48-9329-FFB08FC8B5CE}"
	ProjectSection(ProjectDependencies) = postProject
		{107EFAC1-8674-48BA-ADA0-4C751160BA96} = {107EFAC1-8674-48BA-ADA0-4C751160BA96}
	EndProjectSection
EndProject
Project("{8BC9CEB8-8B4A-11D0-8D11-00A0C91BC942}") = "monica", "monica\monica.vcxproj", "{A5570924-90D5-458B-B16B-08E03AC4C1CD}"
EndProject
Global
	GlobalSection(SolutionConfigurationPlatforms) = preSolution
		Debug|Win32 = Debug|Win32
		Debug|x64 = Debug|x64
		Release|Win32 = Release|Win32
		Release|x64 = Release|x64
	EndGlobalSection
	GlobalSection(ProjectConfigurationPlatforms) = postSolution
		{B731CCE5-9E7E-47CD-8CB3-A87C277CE59C}.Debug|Win32.ActiveCfg = Debug|Win32
		{B731CCE5-9E7E-47CD-8CB3-A87C277CE59C}.Debug|Win32.Build.0 = Debug|Win32
		{B731CCE5-9E7E-47CD-8CB3-A87C277CE59C}.Debug|x64.ActiveCfg = Debug|x64
		{B731CCE5-9E7E-47CD-8CB3-A87C277CE59C}.Debug|x64.Build.0 = Debug|x64
		{B731CCE5-9E7E-47CD-8CB3-A87C277CE59C}.Release|Win32.ActiveCfg = Release|Win32
		{B731CCE5-9E7E-47CD-8CB3-A87C277CE59C}.Release|Win32.Build.0 = Release|Win32
		{B731CCE5-9E7E-47CD-8CB3-A87C277CE59C}.Release|x64.ActiveCfg = Release|x64
		{B731CCE5-9E7E-47CD-8CB3-A87C277CE59C}.Release|x64.Build.0 = Release|x64
		{50ACD881-A80A-4F13-9384-E5939F08CA48}.Debug|Win32.ActiveCfg = Debug|Win32
		{50ACD881-A80A-4F13-9384-E5939F08CA48}.Debug|Win32.Build.0 = Debug|Win32
		{50ACD881-A80A-4F13-9384-E5939F08CA48}.Debug|x64.ActiveCfg = Debug|x64
		{50ACD881-A80A-4F13-9384-E5939F08CA48}.Debug|x64.Build.0 = Debug|x64
		{50ACD881-A80A-4F13-9384-E5939F08CA48}.Release|Win32.ActiveCfg = Release|Win32
		{50ACD881-A80A-4F13-9384-E5939F08CA48}.Release|Win32.Build.0 = Release|Win32
		{50ACD881-A80A-4F13-9384-E5939F08CA48}.Release|x64.ActiveCfg = Release|x64
		{50ACD881-A80A-4F13-9384-E5939F08CA48}.Release|x64.Build.0 = Release|x64
		{107EFAC1-8674-48BA-ADA0-4C751160BA96}.Debug|Win32.ActiveCfg = Debug|Win32
		{107EFAC1-8674-48BA-ADA0-4C751160BA96}.Debug|Win32.Build.0 = Debug|Win32
		{107EFAC1-8674-48BA-ADA0-4C751160BA96}.Debug|x64.ActiveCfg = Debug|x64
		{107EFAC1-8674-48BA-ADA0-4C751160BA96}.Debug|x64.Build.0 = Debug|x64
		{107EFAC1-8674-48BA-ADA0-4C751160BA96}.Release|Win32.ActiveCfg = Release|Win32
		{107EFAC1-8674-48BA-ADA0-4C751160BA96}.Release|Win32.Build.0 = Release|Win32
		{107EFAC1-8674-48BA-ADA0-4C751160BA96}.Release|x64.ActiveCfg = Release|x64
		{107EFAC1-8674-48BA-ADA0-4C751160BA96}.Release|x64.Build.0 = Release|x64
		{9489DFA3-63AC-4F92-83AC-CFE6C504987F}.Debug|Win32.ActiveCfg = Debug|Win32
		{9489DFA3-63AC-4F92-83AC-CFE6C504987F}.Debug|Win32.Build.0 = Debug|Win32
		{9489DFA3-63AC-4F92-83AC-CFE6C504987F}.Debug|x64.ActiveCfg = Debug|x64
		{9489DFA3-63AC-4F92-83AC-CFE6C504987F}.Debug|x64.Build.0 = Debug|x64
		{9489DFA3-63AC-4F92-83AC-CFE6C504987F}.Release|Win32.ActiveCfg = Release|Win32
		{9489DFA3-63AC-4F92-83AC-CFE6C504987F}.Release|Win32.Build.0 = Release|Win32
		{9489DFA3-63AC-4F92-83AC-CFE6C504987F}.Release|x64.ActiveCfg = Release|x64
		{9489DFA3-63AC-4F92-83AC-CFE6C504987F}.Release|x64.Build.0 = Release|x64
		{20372B82-78E8-430A-B537-FCEE88AC22F0}.Debug|Win32.ActiveCfg = Debug|Win32
		{20372B82-78E8-430A-B537-FCEE88AC22F0}.Debug|Win32.Build.0 = Debug|Win32
		{20372B82-78E8-430A-B537-FCEE88AC22F0}.Debug|x64.ActiveCfg = Debug|x64
		{20372B82-78E8-430A-B537-FCEE88AC22F0}.Debug|x64.Build.0 = Debug|x64
		{20372B82-78E8-430A-B537-FCEE88AC22F0}.Release|Win32.ActiveCfg = Release|Win32
		{20372B82-78E8-430A-B537-FCEE88AC22F0}.Release|Win32.Build.0 = Release|Win32
		{20372B82-78E8-430A-B537-FCEE88AC22F0}.Release|x64.ActiveCfg = Release|x64
		{20372B82-78E8-430A-B537-FCEE88AC22F0}.Release|x64.Build.0 = Release|x64
		{7974BF43-19F2-4C81-B62B-A74CC21DA5B5}.Debug|Win32.ActiveCfg = Debug|Win32
		{7974BF43-19F2-4C81-B62B-A74CC21DA5B5}.Debug|Win32.Build.0 = Debug|Win32
		{7974BF43-19F2-4C81-B62B-A74CC21DA5B5}.Debug|x64.ActiveCfg = Debug|x64
		{7974BF43-19F2-4C81-B62B-A74CC21DA5B5}.Debug|x64.Build.0 = Debug|x64
		{7974BF43-19F2-4C81-B62B-A74CC21DA5B5}.Release|Win32.ActiveCfg = Release|Win32
		{7974BF43-19F2-4C81-B62B-A74CC21DA5B5}.Release|Win32.Build.0 = Release|Win32
		{7974BF43-19F2-4C81-B62B-A74CC21DA5B5}.Release|x64.ActiveCfg = Release|x64
		{7974BF43-19F2-4C81-B62B-A74CC21DA5B5}.Release|x64.Build.0 = Release|x64
		{31EEA5F3-50BC-464C-8A7E-8CDF713C9D63}.Debug|Win32.ActiveCfg = Debug|Win32
		{31EEA5F3-50BC-464C-8A7E-8CDF713C9D63}.Debug|Win32.Build.0 = Debug|Win32
		{31EEA5F3-50BC-464C-8A7E-8CDF713C9D63}.Debug|x64.ActiveCfg = Debug|x64
		{31EEA5F3-50BC-464C-8A7E-8CDF713C9D63}.Debug|x64.Build.0 = Debug|x64
		{31EEA5F3-50BC-464C-8A7E-8CDF713C9D63}.Release|Win32.ActiveCfg = Release|Win32
		{31EEA5F3-50BC-464C-8A7E-8CDF713C9D63}.Release|Win32.Build.0 = Release|Win32
		{31EEA5F3-50BC-464C-8A7E-8CDF713C9D63}.Release|x64.ActiveCfg = Release|x64
		{31EEA5F3-50BC-464C-8A7E-8CDF713C9D63}.Release|x64.Build.0 = Release|x64
		{CA009147-DACF-4F48-9329-FFB08FC8B5CE}.Debug|Win32.ActiveCfg = Debug|Win32
		{CA009147-DACF-4F48-9329-FFB08FC8B5CE}.Debug|Win32.Build.0 = Debug|Win32
		{CA009147-DACF-4F48-9329-FFB08FC8B5CE}.Debug|x64.ActiveCfg = Debug|x64
		{CA009147-DACF-4F48-9329-FFB08FC8B5CE}.Debug|x64.Build.0 = Debug|x64
		{CA009147-DACF-4F48-9329-FFB08FC8B5CE}.Release|Win32.ActiveCfg = Release|Win32
		{CA009147-DACF-4F48-9329-FFB08FC8B5CE}.Release|Win32.Build.0 = Release|Win32
		{CA009147-DACF-4F48-9329-FFB08FC8B5CE}.Release|x64.ActiveCfg = Release|x64
		{CA009147-DACF-4F48-9329-FFB08FC8B5CE}.Release|x64.Build.0 = Release|x64
		{A5570924-90D5-458B-B16B-08E03AC4C1CD}.Debug|Win32.ActiveCfg = Debug|Win32
		{A5570924-90D5-458B-B16B-08E03AC4C1CD}.Debug|Win32.Build.0 = Debug|Win32
		{A5570924-90D5-458B-B16B-08E03AC4C1CD}.Debug|x64.ActiveCfg = Debug|x64
		{A5570924-90D5-458B-B16B-08E03AC4C1CD}.Debug|x64.Build.0 = Debug|x64
		{A5570924-90D5-458B-B16B-08E03AC4C1CD}.Release|Win32.ActiveCfg = Release|Win32
		{A5570924-90D5-458B-B16B-08E03AC4C1CD}.Release|Win32.Build.0 = Release|Win32
		{A5570924-90D5-458B-B16B-08E03AC4C1CD}.Release|x64.ActiveCfg = Release|x64
		{A5570924-90D5-458B-B16B-08E03AC4C1CD}.Release|x64.Build.0 = Release|x64
	EndGlobalSection
	GlobalSection(SolutionProperties) = preSolution
		HideSolutionNode = FALSE
	EndGlobalSection
EndGlobal
