<?xml version="1.0" encoding="utf-8"?>
<Project ToolsVersion="4.0" xmlns="http://schemas.microsoft.com/developer/msbuild/2003">
  <ItemGroup>
    <Filter Include="Source Files">
      <UniqueIdentifier>{4FC737F1-C7A5-4376-A066-2A32D752A2FF}</UniqueIdentifier>
      <Extensions>cpp;c;cc;cxx;def;odl;idl;hpj;bat;asm;asmx</Extensions>
    </Filter>
    <Filter Include="Header Files">
      <UniqueIdentifier>{93995380-89BD-4b04-88EB-625FBE52EBFB}</UniqueIdentifier>
      <Extensions>h;hh;hpp;hxx;hm;inl;inc;xsd</Extensions>
    </Filter>
    <Filter Include="Resource Files">
      <UniqueIdentifier>{67DA6AB6-F800-4c08-8B7A-83BB121AAD01}</UniqueIdentifier>
      <Extensions>rc;ico;cur;bmp;dlg;rc2;rct;bin;rgs;gif;jpg;jpeg;jpe;resx;tiff;tif;png;wav;mfcribbon-ms</Extensions>
    </Filter>
    <Filter Include="Source Files\tools">
      <UniqueIdentifier>{dbef5862-6ccf-44f2-a98d-88cb79bd9821}</UniqueIdentifier>
    </Filter>
    <Filter Include="Header Files\tools">
      <UniqueIdentifier>{84075413-f195-42e4-9797-ba7cccb8e667}</UniqueIdentifier>
    </Filter>
    <Filter Include="Source Files\json11">
      <UniqueIdentifier>{388ddc27-56a0-45a7-9904-199885000b8f}</UniqueIdentifier>
    </Filter>
    <Filter Include="Header Files\json11">
      <UniqueIdentifier>{882c8c2b-b567-44d1-9b9b-4b48ee683829}</UniqueIdentifier>
    </Filter>
    <Filter Include="Source Files\monica">
      <UniqueIdentifier>{26e819d1-719c-4f8f-b6ad-db1fb2d3c60f}</UniqueIdentifier>
    </Filter>
    <Filter Include="Header Files\monica">
      <UniqueIdentifier>{e7065f80-9a02-473e-ac6d-256b010d20d3}</UniqueIdentifier>
    </Filter>
    <Filter Include="Header Files\monica\run">
      <UniqueIdentifier>{410189ce-b7cc-4c0c-bac8-8187663a8324}</UniqueIdentifier>
    </Filter>
    <Filter Include="Source Files\monica\run">
      <UniqueIdentifier>{d451a90a-4681-49db-9150-090183b11383}</UniqueIdentifier>
    </Filter>
    <Filter Include="Source Files\monica\python">
      <UniqueIdentifier>{2b62bcf5-66b7-49e7-96f1-7d9851e3307c}</UniqueIdentifier>
    </Filter>
    <Filter Include="Header Files\db">
      <UniqueIdentifier>{2b5be84e-c30b-498e-8607-ec084af68998}</UniqueIdentifier>
    </Filter>
    <Filter Include="Source Files\db">
      <UniqueIdentifier>{ef9bc773-f223-4cef-bb95-98c899366c2d}</UniqueIdentifier>
    </Filter>
    <Filter Include="Header Files\climate">
      <UniqueIdentifier>{2a3a4aaf-aa47-4287-aa92-6ee43e724a77}</UniqueIdentifier>
    </Filter>
    <Filter Include="Source Files\climate">
      <UniqueIdentifier>{a5d03806-3bff-498b-a1fc-d8e7a3ca2a43}</UniqueIdentifier>
    </Filter>
    <Filter Include="Header Files\soil">
      <UniqueIdentifier>{a669ca3b-0c4c-4d8c-bcaf-c9ce07220a5a}</UniqueIdentifier>
    </Filter>
    <Filter Include="Source Files\soil">
      <UniqueIdentifier>{c7277423-2746-499a-ad14-468f6e843aa4}</UniqueIdentifier>
    </Filter>
    <Filter Include="Source Files\monica\io">
      <UniqueIdentifier>{664c7544-e505-4d31-ac33-e03c4bc6461a}</UniqueIdentifier>
    </Filter>
    <Filter Include="Header Files\monica\io">
      <UniqueIdentifier>{d0af5d2c-51f8-4f3d-a8bf-a34c66381d32}</UniqueIdentifier>
    </Filter>
  </ItemGroup>
  <ItemGroup>
    <ClCompile Include="..\..\..\util\tools\date.cpp">
      <Filter>Source Files\tools</Filter>
    </ClCompile>
    <ClCompile Include="..\..\..\util\tools\helper.cpp">
      <Filter>Source Files\tools</Filter>
    </ClCompile>
    <ClCompile Include="..\..\..\util\tools\json11-helper.cpp">
      <Filter>Source Files\tools</Filter>
    </ClCompile>
    <ClCompile Include="..\..\..\util\json11\json11.cpp">
      <Filter>Source Files\json11</Filter>
    </ClCompile>
    <ClCompile Include="..\..\..\util\tools\debug.cpp">
      <Filter>Source Files\tools</Filter>
    </ClCompile>
    <ClCompile Include="..\..\src\python\monica_py.cpp">
      <Filter>Source Files\monica\python</Filter>
    </ClCompile>
    <ClCompile Include="..\..\src\run\env-from-json.cpp">
      <Filter>Source Files\monica\run</Filter>
    </ClCompile>
    <ClCompile Include="..\..\..\util\tools\algorithms.cpp">
      <Filter>Source Files\tools</Filter>
    </ClCompile>
    <ClCompile Include="..\..\..\util\db\db.cpp">
      <Filter>Source Files\db</Filter>
    </ClCompile>
    <ClCompile Include="..\..\..\util\db\sqlite3.c">
      <Filter>Source Files\db</Filter>
    </ClCompile>
    <ClCompile Include="..\..\..\util\db\abstract-db-connections.cpp">
      <Filter>Source Files\db</Filter>
    </ClCompile>
    <ClCompile Include="..\..\..\util\tools\read-ini.cpp">
      <Filter>Source Files\tools</Filter>
    </ClCompile>
    <ClCompile Include="..\..\..\util\climate\climate-common.cpp">
      <Filter>Source Files\climate</Filter>
    </ClCompile>
    <ClCompile Include="..\..\..\util\climate\climate-file-io.cpp">
      <Filter>Source Files\climate</Filter>
    </ClCompile>
    <ClCompile Include="..\..\..\util\soil\constants.cpp">
      <Filter>Source Files\soil</Filter>
    </ClCompile>
    <ClCompile Include="..\..\..\util\soil\conversion.cpp">
      <Filter>Source Files\soil</Filter>
    </ClCompile>
    <ClCompile Include="..\..\..\util\soil\soil.cpp">
      <Filter>Source Files\soil</Filter>
    </ClCompile>
    <ClCompile Include="..\..\..\util\soil\soil-from-db.cpp">
      <Filter>Source Files\soil</Filter>
    </ClCompile>
    <ClCompile Include="..\..\src\io\csv-format.cpp">
      <Filter>Source Files\monica\io</Filter>
    </ClCompile>
    <ClCompile Include="..\..\src\io\database-io.cpp">
      <Filter>Source Files\monica\io</Filter>
    </ClCompile>
  </ItemGroup>
  <ItemGroup>
    <ClInclude Include="..\..\..\util\tools\date.h">
      <Filter>Header Files\tools</Filter>
    </ClInclude>
    <ClInclude Include="..\..\..\util\tools\helper.h">
      <Filter>Header Files\tools</Filter>
    </ClInclude>
    <ClInclude Include="..\..\..\util\tools\json11-helper.h">
      <Filter>Header Files\tools</Filter>
    </ClInclude>
    <ClInclude Include="..\..\..\util\json11\json11.hpp">
      <Filter>Header Files\json11</Filter>
    </ClInclude>
    <ClInclude Include="..\..\..\util\tools\debug.h">
      <Filter>Header Files\tools</Filter>
    </ClInclude>
    <ClInclude Include="..\..\src\run\env-from-json.h">
      <Filter>Header Files\monica\run</Filter>
    </ClInclude>
    <ClInclude Include="..\..\..\util\tools\datastructures.h">
      <Filter>Header Files\tools</Filter>
    </ClInclude>
    <ClInclude Include="..\..\..\util\tools\algorithms.h">
      <Filter>Header Files\tools</Filter>
    </ClInclude>
    <ClInclude Include="..\..\..\util\db\abstract-db-connections.h">
      <Filter>Header Files\db</Filter>
    </ClInclude>
    <ClInclude Include="..\..\..\util\db\db.h">
      <Filter>Header Files\db</Filter>
    </ClInclude>
    <ClInclude Include="..\..\..\util\db\sqlite3.h">
      <Filter>Header Files\db</Filter>
    </ClInclude>
    <ClInclude Include="..\..\..\util\tools\read-ini.h">
      <Filter>Header Files\tools</Filter>
    </ClInclude>
    <ClInclude Include="..\..\..\util\climate\climate-file-io.h">
      <Filter>Header Files\climate</Filter>
    </ClInclude>
    <ClInclude Include="..\..\..\util\climate\climate-common.h">
      <Filter>Header Files\climate</Filter>
    </ClInclude>
    <ClInclude Include="..\..\..\util\soil\soil-from-db.h">
      <Filter>Header Files\soil</Filter>
    </ClInclude>
    <ClInclude Include="..\..\..\util\soil\soil.h">
      <Filter>Header Files\soil</Filter>
    </ClInclude>
    <ClInclude Include="..\..\..\util\soil\conversion.h">
      <Filter>Header Files\soil</Filter>
    </ClInclude>
    <ClInclude Include="..\..\..\util\soil\constants.h">
      <Filter>Header Files\soil</Filter>
    </ClInclude>
    <ClInclude Include="..\..\src\io\csv-format.h">
      <Filter>Header Files\monica\io</Filter>
    </ClInclude>
    <ClInclude Include="..\..\src\io\database-io.h">
      <Filter>Header Files\monica\io</Filter>
    </ClInclude>
  </ItemGroup>
</Project>